
Microsoft Visual Studio Solution File, Format Version 12.00
# Visual Studio Version 16
VisualStudioVersion = 16.0.30114.105
MinimumVisualStudioVersion = 10.0.40219.1
Project("{FAE04EC0-301F-11D3-BF4B-00C04F79EFBC}") = "Model", "Model\Model.csproj", "{60798936-C2EB-4308-8C41-B9896B23E9DA}"
EndProject
Project("{FAE04EC0-301F-11D3-BF4B-00C04F79EFBC}") = "Interface", "Interface\Interface.csproj", "{981BE701-7ED8-4AA4-9B04-33ECFF7E2D37}"
EndProject
Project("{FAE04EC0-301F-11D3-BF4B-00C04F79EFBC}") = "Repository", "Repository\Repository.csproj", "{5CF487B6-9A00-45CC-9C48-EC4BC26FB58E}"
EndProject
Project("{FAE04EC0-301F-11D3-BF4B-00C04F79EFBC}") = "WpfApp", "WpfApp\WpfApp.csproj", "{AB6B788D-FFC3-45DB-A019-4FF42B0B71BA}"
EndProject
Global
	GlobalSection(SolutionConfigurationPlatforms) = preSolution
		Debug|Any CPU = Debug|Any CPU
		Release|Any CPU = Release|Any CPU
	EndGlobalSection
	GlobalSection(ProjectConfigurationPlatforms) = postSolution
		{60798936-C2EB-4308-8C41-B9896B23E9DA}.Debug|Any CPU.ActiveCfg = Debug|Any CPU
		{60798936-C2EB-4308-8C41-B9896B23E9DA}.Debug|Any CPU.Build.0 = Debug|Any CPU
		{60798936-C2EB-4308-8C41-B9896B23E9DA}.Release|Any CPU.ActiveCfg = Release|Any CPU
		{60798936-C2EB-4308-8C41-B9896B23E9DA}.Release|Any CPU.Build.0 = Release|Any CPU
		{981BE701-7ED8-4AA4-9B04-33ECFF7E2D37}.Debug|Any CPU.ActiveCfg = Debug|Any CPU
		{981BE701-7ED8-4AA4-9B04-33ECFF7E2D37}.Debug|Any CPU.Build.0 = Debug|Any CPU
		{981BE701-7ED8-4AA4-9B04-33ECFF7E2D37}.Release|Any CPU.ActiveCfg = Release|Any CPU
		{981BE701-7ED8-4AA4-9B04-33ECFF7E2D37}.Release|Any CPU.Build.0 = Release|Any CPU
		{5CF487B6-9A00-45CC-9C48-EC4BC26FB58E}.Debug|Any CPU.ActiveCfg = Debug|Any CPU
		{5CF487B6-9A00-45CC-9C48-EC4BC26FB58E}.Debug|Any CPU.Build.0 = Debug|Any CPU
		{5CF487B6-9A00-45CC-9C48-EC4BC26FB58E}.Release|Any CPU.ActiveCfg = Release|Any CPU
		{5CF487B6-9A00-45CC-9C48-EC4BC26FB58E}.Release|Any CPU.Build.0 = Release|Any CPU
		{AB6B788D-FFC3-45DB-A019-4FF42B0B71BA}.Debug|Any CPU.ActiveCfg = Debug|Any CPU
		{AB6B788D-FFC3-45DB-A019-4FF42B0B71BA}.Debug|Any CPU.Build.0 = Debug|Any CPU
		{AB6B788D-FFC3-45DB-A019-4FF42B0B71BA}.Release|Any CPU.ActiveCfg = Release|Any CPU
		{AB6B788D-FFC3-45DB-A019-4FF42B0B71BA}.Release|Any CPU.Build.0 = Release|Any CPU
	EndGlobalSection
	GlobalSection(SolutionProperties) = preSolution
		HideSolutionNode = FALSE
	EndGlobalSection
	GlobalSection(ExtensibilityGlobals) = postSolution
		SolutionGuid = {9D6C3415-8F4F-4CC2-B405-59316938F2C0}
	EndGlobalSection
EndGlobal
